
Microsoft Visual Studio Solution File, Format Version 11.00
# Visual Studio 2010
Project("{2150E333-8FDC-42A3-9474-1A3956D46DE8}") = "EasyRestaurant.Biz.Configuration", "EasyRestaurant.Biz.Configuration", "{A81027EB-2462-473E-BBC0-BBD787F4FB01}"
	ProjectSection(SolutionItems) = preProject
		configuration\Database.config = configuration\Database.config
		configuration\DataCommandFiles.config = configuration\DataCommandFiles.config
		configuration\dcEasyRestaurant.Cooks.config = configuration\dcEasyRestaurant.Cooks.config
		configuration\dcEasyRestaurant.Friend.config = configuration\dcEasyRestaurant.Friend.config
		configuration\dcEasyRestaurant.Other.config = configuration\dcEasyRestaurant.Other.config
		configuration\dcEasyRestaurant.Res.config = configuration\dcEasyRestaurant.Res.config
		configuration\dcEasyRestaurant.Team.config = configuration\dcEasyRestaurant.Team.config
		configuration\dcEasyRestaurant.User.config = configuration\dcEasyRestaurant.User.config
	EndProjectSection
EndProject
Project("{FAE04EC0-301F-11D3-BF4B-00C04F79EFBC}") = "EasyRestaurantBusiness", "EasyRestaurantBusiness\EasyRestaurantBusiness.csproj", "{9757F704-59DE-4E2C-86FD-1F434D7A0E72}"
EndProject
Project("{FAE04EC0-301F-11D3-BF4B-00C04F79EFBC}") = "EasyRestaurantBusiness.Data", "EasyRestaurantBusiness.Data\EasyRestaurantBusiness.Data.csproj", "{83060929-DDB3-41BF-88C1-0F749118B2B2}"
EndProject
Project("{FAE04EC0-301F-11D3-BF4B-00C04F79EFBC}") = "DMobile.Biz.DataAccess.Manager", "DMobile.Biz.DataAccess.Manager\DMobile.Biz.DataAccess.Manager.csproj", "{88F31BD5-8ACA-467A-A0C1-BE5E06FDCFC7}"
EndProject
Project("{FAE04EC0-301F-11D3-BF4B-00C04F79EFBC}") = "DMobile.Biz.DataAccess", "DMobile.Biz.DataAccess\DMobile.Biz.DataAccess.csproj", "{3221B663-632D-49D9-AD0D-A9C275CA089F}"
EndProject
Project("{FAE04EC0-301F-11D3-BF4B-00C04F79EFBC}") = "BizTest", "BizTest\BizTest.csproj", "{3292F70E-8BEE-49EE-9BC2-692181750834}"
EndProject
Project("{2150E333-8FDC-42A3-9474-1A3956D46DE8}") = "Solution Items", "Solution Items", "{3F47F035-29AB-4F63-960E-902B05575B09}"
	ProjectSection(SolutionItems) = preProject
		EasyRestaurant.Biz.vsmdi = EasyRestaurant.Biz.vsmdi
		Local.testsettings = Local.testsettings
		TraceAndTestImpact.testsettings = TraceAndTestImpact.testsettings
	EndProjectSection
EndProject
Global
	GlobalSection(TestCaseManagementSettings) = postSolution
		CategoryFile = EasyRestaurant.Biz.vsmdi
	EndGlobalSection
	GlobalSection(SolutionConfigurationPlatforms) = preSolution
		Debug|Any CPU = Debug|Any CPU
		Debug|x86 = Debug|x86
		Release|Any CPU = Release|Any CPU
		Release|x86 = Release|x86
	EndGlobalSection
	GlobalSection(ProjectConfigurationPlatforms) = postSolution
		{9757F704-59DE-4E2C-86FD-1F434D7A0E72}.Debug|Any CPU.ActiveCfg = Debug|Any CPU
		{9757F704-59DE-4E2C-86FD-1F434D7A0E72}.Debug|Any CPU.Build.0 = Debug|Any CPU
		{9757F704-59DE-4E2C-86FD-1F434D7A0E72}.Debug|x86.ActiveCfg = Debug|Any CPU
		{9757F704-59DE-4E2C-86FD-1F434D7A0E72}.Release|Any CPU.ActiveCfg = Release|Any CPU
		{9757F704-59DE-4E2C-86FD-1F434D7A0E72}.Release|Any CPU.Build.0 = Release|Any CPU
		{9757F704-59DE-4E2C-86FD-1F434D7A0E72}.Release|x86.ActiveCfg = Release|Any CPU
		{83060929-DDB3-41BF-88C1-0F749118B2B2}.Debug|Any CPU.ActiveCfg = Debug|Any CPU
		{83060929-DDB3-41BF-88C1-0F749118B2B2}.Debug|Any CPU.Build.0 = Debug|Any CPU
		{83060929-DDB3-41BF-88C1-0F749118B2B2}.Debug|x86.ActiveCfg = Debug|Any CPU
		{83060929-DDB3-41BF-88C1-0F749118B2B2}.Release|Any CPU.ActiveCfg = Release|Any CPU
		{83060929-DDB3-41BF-88C1-0F749118B2B2}.Release|Any CPU.Build.0 = Release|Any CPU
		{83060929-DDB3-41BF-88C1-0F749118B2B2}.Release|x86.ActiveCfg = Release|Any CPU
		{88F31BD5-8ACA-467A-A0C1-BE5E06FDCFC7}.Debug|Any CPU.ActiveCfg = Debug|Any CPU
		{88F31BD5-8ACA-467A-A0C1-BE5E06FDCFC7}.Debug|Any CPU.Build.0 = Debug|Any CPU
		{88F31BD5-8ACA-467A-A0C1-BE5E06FDCFC7}.Debug|x86.ActiveCfg = Debug|Any CPU
		{88F31BD5-8ACA-467A-A0C1-BE5E06FDCFC7}.Release|Any CPU.ActiveCfg = Release|Any CPU
		{88F31BD5-8ACA-467A-A0C1-BE5E06FDCFC7}.Release|Any CPU.Build.0 = Release|Any CPU
		{88F31BD5-8ACA-467A-A0C1-BE5E06FDCFC7}.Release|x86.ActiveCfg = Release|Any CPU
		{3221B663-632D-49D9-AD0D-A9C275CA089F}.Debug|Any CPU.ActiveCfg = Debug|Any CPU
		{3221B663-632D-49D9-AD0D-A9C275CA089F}.Debug|Any CPU.Build.0 = Debug|Any CPU
		{3221B663-632D-49D9-AD0D-A9C275CA089F}.Debug|x86.ActiveCfg = Debug|x86
		{3221B663-632D-49D9-AD0D-A9C275CA089F}.Debug|x86.Build.0 = Debug|x86
		{3221B663-632D-49D9-AD0D-A9C275CA089F}.Release|Any CPU.ActiveCfg = Release|Any CPU
		{3221B663-632D-49D9-AD0D-A9C275CA089F}.Release|Any CPU.Build.0 = Release|Any CPU
		{3221B663-632D-49D9-AD0D-A9C275CA089F}.Release|x86.ActiveCfg = Release|x86
		{3221B663-632D-49D9-AD0D-A9C275CA089F}.Release|x86.Build.0 = Release|x86
		{3292F70E-8BEE-49EE-9BC2-692181750834}.Debug|Any CPU.ActiveCfg = Debug|Any CPU
		{3292F70E-8BEE-49EE-9BC2-692181750834}.Debug|Any CPU.Build.0 = Debug|Any CPU
		{3292F70E-8BEE-49EE-9BC2-692181750834}.Debug|x86.ActiveCfg = Debug|Any CPU
		{3292F70E-8BEE-49EE-9BC2-692181750834}.Release|Any CPU.ActiveCfg = Release|Any CPU
		{3292F70E-8BEE-49EE-9BC2-692181750834}.Release|Any CPU.Build.0 = Release|Any CPU
		{3292F70E-8BEE-49EE-9BC2-692181750834}.Release|x86.ActiveCfg = Release|Any CPU
	EndGlobalSection
	GlobalSection(SolutionProperties) = preSolution
		HideSolutionNode = FALSE
	EndGlobalSection
EndGlobal
